{
  "version": 4,
  "terraform_version": "1.9.8",
  "serial": 12,
  "lineage": "12148e90-05db-65e0-acd7-c412938d95a1",
  "outputs": {},
  "resources": [
    {
      "mode": "managed",
      "type": "azurerm_linux_web_app",
      "name": "coachmee",
      "provider": "provider[\"registry.terraform.io/hashicorp/azurerm\"]",
      "instances": [
        {
          "schema_version": 1,
          "attributes": {
            "app_settings": {
              "CURRENT_ENV": "Azure",
              "DB_HOST": "coachmee.database.windows.net",
              "DB_NAME": "db-coachme",
              "DB_PASSWORD": "Pezzo121294!",
              "DB_USER": "admin-enzo",
              "DJANGO_SECRET_KEY": "-womh$wyxc=k(5kf_f@*#fle630$va$pyu$\u0026v$4*rs@ft^\u0026g5n",
              "SCM_DO_BUILD_DURING_DEPLOYMENT": "1"
            },
            "auth_settings": [],
            "auth_settings_v2": [],
            "backup": [],
            "client_affinity_enabled": false,
            "client_certificate_enabled": false,
            "client_certificate_exclusion_paths": "",
            "client_certificate_mode": "Required",
            "connection_string": [],
            "custom_domain_verification_id": "6302A931324289612DC094E915EA453F2EF8EC4DE641B23E897777861A970D36",
            "default_hostname": "coachmee.azurewebsites.net",
            "enabled": true,
            "ftp_publish_basic_authentication_enabled": false,
            "hosting_environment_id": "",
            "https_only": true,
            "id": "/subscriptions/cb40f2db-d006-4703-bf9e-7fda6377912b/resourceGroups/rg-coachme/providers/Microsoft.Web/sites/coachmee",
            "identity": [],
            "key_vault_reference_identity_id": "SystemAssigned",
            "kind": "app,linux",
            "location": "canadacentral",
            "logs": [],
            "name": "coachmee",
            "outbound_ip_address_list": [
              "20.175.203.24",
              "20.175.203.214",
              "20.175.204.138",
              "20.175.205.56",
              "20.220.142.100",
              "20.175.207.134",
              "20.220.143.96",
              "20.220.143.97",
              "20.220.140.49",
              "20.220.141.181",
              "20.220.249.12",
              "20.175.171.174",
              "20.48.202.173"
            ],
            "outbound_ip_addresses": "20.175.203.24,20.175.203.214,20.175.204.138,20.175.205.56,20.220.142.100,20.175.207.134,20.220.143.96,20.220.143.97,20.220.140.49,20.220.141.181,20.220.249.12,20.175.171.174,20.48.202.173",
            "possible_outbound_ip_address_list": [
              "20.175.203.24",
              "20.175.203.214",
              "20.175.204.138",
              "20.175.205.56",
              "20.220.142.100",
              "20.175.207.134",
              "20.220.143.96",
              "20.220.143.97",
              "20.220.140.49",
              "20.220.141.181",
              "20.220.249.12",
              "20.175.171.174",
              "20.220.249.183",
              "20.175.170.65",
              "20.175.172.49",
              "20.175.174.138",
              "20.220.254.20",
              "20.175.200.241",
              "20.175.201.85",
              "20.175.171.235",
              "20.175.201.124",
              "20.175.201.209",
              "20.175.202.33",
              "20.175.202.102",
              "20.175.203.24",
              "20.175.203.214",
              "20.175.204.138",
              "20.175.205.56",
              "20.220.142.100",
              "20.175.207.134",
              "20.175.207.166",
              "20.175.207.219",
              "20.220.143.33",
              "20.175.248.107",
              "20.220.253.170",
              "20.220.253.171",
              "20.48.202.173"
            ],
            "possible_outbound_ip_addresses": "20.175.203.24,20.175.203.214,20.175.204.138,20.175.205.56,20.220.142.100,20.175.207.134,20.220.143.96,20.220.143.97,20.220.140.49,20.220.141.181,20.220.249.12,20.175.171.174,20.220.249.183,20.175.170.65,20.175.172.49,20.175.174.138,20.220.254.20,20.175.200.241,20.175.201.85,20.175.171.235,20.175.201.124,20.175.201.209,20.175.202.33,20.175.202.102,20.175.203.24,20.175.203.214,20.175.204.138,20.175.205.56,20.220.142.100,20.175.207.134,20.175.207.166,20.175.207.219,20.220.143.33,20.175.248.107,20.220.253.170,20.220.253.171,20.48.202.173",
            "public_network_access_enabled": true,
            "resource_group_name": "rg-coachme",
            "service_plan_id": "/subscriptions/cb40f2db-d006-4703-bf9e-7fda6377912b/resourceGroups/rg-coachme/providers/Microsoft.Web/serverFarms/ASP-rgcoachme-9c49",
            "site_config": [
              {
                "always_on": false,
                "api_definition_url": "",
                "api_management_api_id": "",
                "app_command_line": "gunicorn --bind=0.0.0.0:8000 todolist.wsgi:application\n",
                "application_stack": [
                  {
                    "docker_image_name": "",
                    "docker_registry_password": "",
                    "docker_registry_url": "",
                    "docker_registry_username": "",
                    "dotnet_version": "",
                    "go_version": "",
                    "java_server": "",
                    "java_server_version": "",
                    "java_version": "",
                    "node_version": "",
                    "php_version": "",
                    "python_version": "3.12",
                    "ruby_version": ""
                  }
                ],
                "auto_heal_setting": [],
                "container_registry_managed_identity_client_id": "",
                "container_registry_use_managed_identity": false,
                "cors": [],
                "default_documents": [
                  "Default.htm",
                  "Default.html",
                  "Default.asp",
                  "index.htm",
                  "index.html",
                  "iisstart.htm",
                  "default.aspx",
                  "index.php",
                  "hostingstart.html"
                ],
                "detailed_error_logging_enabled": false,
                "ftps_state": "FtpsOnly",
                "health_check_eviction_time_in_min": 0,
                "health_check_path": "",
                "http2_enabled": false,
                "ip_restriction": [],
                "ip_restriction_default_action": "",
                "linux_fx_version": "PYTHON|3.12",
                "load_balancing_mode": "LeastRequests",
                "local_mysql_enabled": false,
                "managed_pipeline_mode": "Integrated",
                "minimum_tls_version": "1.2",
                "remote_debugging_enabled": false,
                "remote_debugging_version": "VS2022",
                "scm_ip_restriction": [],
                "scm_ip_restriction_default_action": "",
                "scm_minimum_tls_version": "1.2",
                "scm_type": "GitHubAction",
                "scm_use_main_ip_restriction": false,
                "use_32_bit_worker": true,
                "vnet_route_all_enabled": true,
                "websockets_enabled": false,
                "worker_count": 1
              }
            ],
            "site_credential": [
              {
                "name": "REDACTED",
                "password": "REDACTED"
              }
            ],
            "sticky_settings": [],
            "storage_account": [],
            "tags": {},
            "timeouts": null,
            "virtual_network_subnet_id": "/subscriptions/cb40f2db-d006-4703-bf9e-7fda6377912b/resourceGroups/rg-coachme/providers/Microsoft.Network/virtualNetworks/vn-coachme/subnets/app-service",
            "webdeploy_publish_basic_authentication_enabled": false,
            "zip_deploy_file": ""
          },
          "sensitive_attributes": [
            [
              {
                "type": "get_attr",
                "value": "site_config"
              },
              {
                "type": "index",
                "value": {
                  "value": 0,
                  "type": "number"
                }
              },
              {
                "type": "get_attr",
                "value": "application_stack"
              },
              {
                "type": "index",
                "value": {
                  "value": 0,
                  "type": "number"
                }
              },
              {
                "type": "get_attr",
                "value": "docker_registry_password"
              }
            ],
            [
              {
                "type": "get_attr",
                "value": "site_credential"
              }
            ],
            [
              {
                "type": "get_attr",
                "value": "custom_domain_verification_id"
              }
            ]
          ],
          "private": "eyJlMmJmYjczMC1lY2FhLTExZTYtOGY4OC0zNDM2M2JjN2M0YzAiOnsiY3JlYXRlIjoxODAwMDAwMDAwMDAwLCJkZWxldGUiOjE4MDAwMDAwMDAwMDAsInJlYWQiOjMwMDAwMDAwMDAwMCwidXBkYXRlIjoxODAwMDAwMDAwMDAwfSwic2NoZW1hX3ZlcnNpb24iOiIxIn0="
        }
      ]
    },
    {
      "mode": "managed",
      "type": "azurerm_mssql_database",
      "name": "db-coachme",
      "provider": "provider[\"registry.terraform.io/hashicorp/azurerm\"]",
      "instances": [
        {
          "schema_version": 1,
          "attributes": {
            "auto_pause_delay_in_minutes": 60,
            "collation": "SQL_Latin1_General_CP1_CI_AS",
            "create_mode": "Default",
            "creation_source_database_id": null,
            "elastic_pool_id": "",
            "enclave_type": "",
            "geo_backup_enabled": true,
            "id": "/subscriptions/cb40f2db-d006-4703-bf9e-7fda6377912b/resourceGroups/rg-coachme/providers/Microsoft.Sql/servers/coachmee/databases/db-coachme",
            "identity": [],
            "import": [],
            "ledger_enabled": false,
            "license_type": "",
            "long_term_retention_policy": [
              {
                "monthly_retention": "PT0S",
                "week_of_year": 1,
                "weekly_retention": "PT0S",
                "yearly_retention": "PT0S"
              }
            ],
            "maintenance_configuration_name": "SQL_Default",
            "max_size_gb": 32,
            "min_capacity": 0.5,
            "name": "db-coachme",
            "read_replica_count": 0,
            "read_scale": false,
            "recover_database_id": null,
            "recovery_point_id": null,
            "restore_dropped_database_id": null,
            "restore_long_term_retention_backup_id": null,
            "restore_point_in_time": null,
            "sample_name": null,
            "secondary_type": "",
            "server_id": "/subscriptions/cb40f2db-d006-4703-bf9e-7fda6377912b/resourceGroups/rg-coachme/providers/Microsoft.Sql/servers/coachmee",
            "short_term_retention_policy": [
              {
                "backup_interval_in_hours": 12,
                "retention_days": 7
              }
            ],
            "sku_name": "GP_S_Gen5_2",
            "storage_account_type": "Local",
            "tags": {},
            "threat_detection_policy": [
              {
                "disabled_alerts": [],
                "email_account_admins": "Disabled",
                "email_addresses": [],
                "retention_days": 0,
                "state": "Disabled",
                "storage_account_access_key": "",
                "storage_endpoint": ""
              }
            ],
            "timeouts": null,
            "transparent_data_encryption_enabled": true,
            "transparent_data_encryption_key_automatic_rotation_enabled": false,
            "transparent_data_encryption_key_vault_key_id": "",
            "zone_redundant": false
          },
          "sensitive_attributes": [
            [
              {
                "type": "get_attr",
                "value": "threat_detection_policy"
              },
              {
                "type": "index",
                "value": {
                  "value": 0,
                  "type": "number"
                }
              },
              {
                "type": "get_attr",
                "value": "storage_account_access_key"
              }
            ]
          ],
          "private": "eyJlMmJmYjczMC1lY2FhLTExZTYtOGY4OC0zNDM2M2JjN2M0YzAiOnsiY3JlYXRlIjozNjAwMDAwMDAwMDAwLCJkZWxldGUiOjM2MDAwMDAwMDAwMDAsInJlYWQiOjMwMDAwMDAwMDAwMCwidXBkYXRlIjozNjAwMDAwMDAwMDAwfSwic2NoZW1hX3ZlcnNpb24iOiIxIn0="
        }
      ]
    },
    {
      "mode": "managed",
      "type": "azurerm_mssql_server",
      "name": "sql-serv-coachmee",
      "provider": "provider[\"registry.terraform.io/hashicorp/azurerm\"]",
      "instances": [
        {
          "schema_version": 0,
          "attributes": {
            "administrator_login": "admin-enzo",
            "administrator_login_password": "Pezzo121294!",
            "azuread_administrator": [],
            "connection_policy": "Default",
            "fully_qualified_domain_name": "coachmee.database.windows.net",
            "id": "/subscriptions/cb40f2db-d006-4703-bf9e-7fda6377912b/resourceGroups/rg-coachme/providers/Microsoft.Sql/servers/coachmee",
            "identity": [],
            "location": "canadacentral",
            "minimum_tls_version": "1.2",
            "name": "coachmee",
            "outbound_network_restriction_enabled": false,
            "primary_user_assigned_identity_id": "",
            "public_network_access_enabled": false,
            "resource_group_name": "rg-coachme",
            "restorable_dropped_database_ids": [],
            "tags": {},
            "timeouts": null,
            "transparent_data_encryption_key_vault_key_id": "",
            "version": "12.0"
          },
          "sensitive_attributes": [
            [
              {
                "type": "get_attr",
                "value": "administrator_login_password"
              }
            ]
          ],
          "private": "eyJlMmJmYjczMC1lY2FhLTExZTYtOGY4OC0zNDM2M2JjN2M0YzAiOnsiY3JlYXRlIjozNjAwMDAwMDAwMDAwLCJkZWxldGUiOjM2MDAwMDAwMDAwMDAsInJlYWQiOjMwMDAwMDAwMDAwMCwidXBkYXRlIjozNjAwMDAwMDAwMDAwfSwic2NoZW1hX3ZlcnNpb24iOiIwIn0="
        }
      ]
    },
    {
      "mode": "managed",
      "type": "azurerm_network_interface",
      "name": "pep-db-coachme-nic",
      "provider": "provider[\"registry.terraform.io/hashicorp/azurerm\"]",
      "instances": [
        {
          "schema_version": 0,
          "attributes": {
            "accelerated_networking_enabled": false,
            "applied_dns_servers": [],
            "auxiliary_mode": "",
            "auxiliary_sku": "",
            "dns_servers": [],
            "edge_zone": "",
            "id": "/subscriptions/cb40f2db-d006-4703-bf9e-7fda6377912b/resourceGroups/rg-coachme/providers/Microsoft.Network/networkInterfaces/pep-db-coachme-nic",
            "internal_dns_name_label": "",
            "internal_domain_name_suffix": "tijhob2akzjedhpisvsp24gb4d.ux.internal.cloudapp.net",
            "ip_configuration": [
              {
                "gateway_load_balancer_frontend_ip_configuration_id": "",
                "name": "privateEndpointIpConfig.6884df33-d3d5-40ad-88a4-5889cd8170b2",
                "primary": true,
                "private_ip_address": "10.0.3.4",
                "private_ip_address_allocation": "Dynamic",
                "private_ip_address_version": "IPv4",
                "public_ip_address_id": "",
                "subnet_id": "/subscriptions/cb40f2db-d006-4703-bf9e-7fda6377912b/resourceGroups/rg-coachme/providers/Microsoft.Network/virtualNetworks/vn-coachme/subnets/database"
              }
            ],
            "ip_forwarding_enabled": false,
            "location": "canadacentral",
            "mac_address": "",
            "name": "pep-db-coachme-nic",
            "private_ip_address": "10.0.3.4",
            "private_ip_addresses": [
              "10.0.3.4"
            ],
            "resource_group_name": "rg-coachme",
            "tags": {},
            "timeouts": null,
            "virtual_machine_id": ""
          },
          "sensitive_attributes": [],
          "private": "eyJlMmJmYjczMC1lY2FhLTExZTYtOGY4OC0zNDM2M2JjN2M0YzAiOnsiY3JlYXRlIjoxODAwMDAwMDAwMDAwLCJkZWxldGUiOjE4MDAwMDAwMDAwMDAsInJlYWQiOjMwMDAwMDAwMDAwMCwidXBkYXRlIjoxODAwMDAwMDAwMDAwfSwic2NoZW1hX3ZlcnNpb24iOiIwIn0="
        }
      ]
    },
    {
      "mode": "managed",
      "type": "azurerm_private_endpoint",
      "name": "pep-db-coachme",
      "provider": "provider[\"registry.terraform.io/hashicorp/azurerm\"]",
      "instances": [
        {
          "schema_version": 0,
          "attributes": {
            "custom_dns_configs": [],
            "custom_network_interface_name": "pep-db-coachme-nic",
            "id": "/subscriptions/cb40f2db-d006-4703-bf9e-7fda6377912b/resourceGroups/rg-coachme/providers/Microsoft.Network/privateEndpoints/pep-db-coachme",
            "ip_configuration": [],
            "location": "canadacentral",
            "name": "pep-db-coachme",
            "network_interface": [
              {
                "id": "/subscriptions/cb40f2db-d006-4703-bf9e-7fda6377912b/resourceGroups/rg-coachme/providers/Microsoft.Network/networkInterfaces/pep-db-coachme-nic",
                "name": "pep-db-coachme-nic"
              }
            ],
            "private_dns_zone_configs": [
              {
                "id": "/subscriptions/cb40f2db-d006-4703-bf9e-7fda6377912b/resourceGroups/rg-coachme/providers/Microsoft.Network/privateEndpoints/pep-db-coachme/privateDnsZoneGroups/default/privateDnsZoneConfigs/privatelink-database-windows-net",
                "name": "privatelink-database-windows-net",
                "private_dns_zone_id": "/subscriptions/cb40f2db-d006-4703-bf9e-7fda6377912b/resourceGroups/rg-coachme/providers/Microsoft.Network/privateDnsZones/privatelink.database.windows.net",
                "record_sets": [
                  {
                    "fqdn": "coachmee.privatelink.database.windows.net",
                    "ip_addresses": [
                      "10.0.3.4"
                    ],
                    "name": "coachmee",
                    "ttl": 10,
                    "type": "A"
                  }
                ]
              }
            ],
            "private_dns_zone_group": [
              {
                "id": "/subscriptions/cb40f2db-d006-4703-bf9e-7fda6377912b/resourceGroups/rg-coachme/providers/Microsoft.Network/privateEndpoints/pep-db-coachme/privateDnsZoneGroups/default",
                "name": "default",
                "private_dns_zone_ids": [
                  "/subscriptions/cb40f2db-d006-4703-bf9e-7fda6377912b/resourceGroups/rg-coachme/providers/Microsoft.Network/privateDnsZones/privatelink.database.windows.net"
                ]
              }
            ],
            "private_service_connection": [
              {
                "is_manual_connection": false,
                "name": "pep-db-coachme",
                "private_connection_resource_alias": "",
                "private_connection_resource_id": "/subscriptions/cb40f2db-d006-4703-bf9e-7fda6377912b/resourceGroups/rg-coachme/providers/Microsoft.Sql/servers/coachmee",
                "private_ip_address": "10.0.3.4",
                "request_message": "",
                "subresource_names": [
                  "sqlServer"
                ]
              }
            ],
            "resource_group_name": "rg-coachme",
            "subnet_id": "/subscriptions/cb40f2db-d006-4703-bf9e-7fda6377912b/resourceGroups/rg-coachme/providers/Microsoft.Network/virtualNetworks/vn-coachme/subnets/database",
            "tags": {},
            "timeouts": null
          },
          "sensitive_attributes": [],
          "private": "eyJlMmJmYjczMC1lY2FhLTExZTYtOGY4OC0zNDM2M2JjN2M0YzAiOnsiY3JlYXRlIjozNjAwMDAwMDAwMDAwLCJkZWxldGUiOjM2MDAwMDAwMDAwMDAsInJlYWQiOjMwMDAwMDAwMDAwMCwidXBkYXRlIjozNjAwMDAwMDAwMDAwfSwic2NoZW1hX3ZlcnNpb24iOiIwIn0="
        }
      ]
    },
    {
      "mode": "managed",
      "type": "azurerm_resource_group",
      "name": "rg-coachme",
      "provider": "provider[\"registry.terraform.io/hashicorp/azurerm\"]",
      "instances": [
        {
          "schema_version": 0,
          "attributes": {
            "id": "/subscriptions/cb40f2db-d006-4703-bf9e-7fda6377912b/resourceGroups/rg-coachme",
            "location": "canadacentral",
            "managed_by": "",
            "name": "rg-coachme",
            "tags": {},
            "timeouts": null
          },
          "sensitive_attributes": [],
          "private": "eyJlMmJmYjczMC1lY2FhLTExZTYtOGY4OC0zNDM2M2JjN2M0YzAiOnsiY3JlYXRlIjo1NDAwMDAwMDAwMDAwLCJkZWxldGUiOjU0MDAwMDAwMDAwMDAsInJlYWQiOjMwMDAwMDAwMDAwMCwidXBkYXRlIjo1NDAwMDAwMDAwMDAwfSwic2NoZW1hX3ZlcnNpb24iOiIwIn0="
        }
      ]
    },
    {
      "mode": "managed",
      "type": "azurerm_service_plan",
      "name": "ASP-rgcoachme-9c49",
      "provider": "provider[\"registry.terraform.io/hashicorp/azurerm\"]",
      "instances": [
        {
          "schema_version": 1,
          "attributes": {
            "app_service_environment_id": "",
            "id": "/subscriptions/cb40f2db-d006-4703-bf9e-7fda6377912b/resourceGroups/rg-coachme/providers/Microsoft.Web/serverFarms/ASP-rgcoachme-9c49",
            "kind": "linux",
            "location": "canadacentral",
            "maximum_elastic_worker_count": 1,
            "name": "ASP-rgcoachme-9c49",
            "os_type": "Linux",
            "per_site_scaling_enabled": false,
            "reserved": true,
            "resource_group_name": "rg-coachme",
            "sku_name": "B1",
            "tags": {},
            "timeouts": null,
            "worker_count": 1,
            "zone_balancing_enabled": false
          },
          "sensitive_attributes": [],
          "private": "eyJlMmJmYjczMC1lY2FhLTExZTYtOGY4OC0zNDM2M2JjN2M0YzAiOnsiY3JlYXRlIjozNjAwMDAwMDAwMDAwLCJkZWxldGUiOjM2MDAwMDAwMDAwMDAsInJlYWQiOjMwMDAwMDAwMDAwMCwidXBkYXRlIjozNjAwMDAwMDAwMDAwfSwic2NoZW1hX3ZlcnNpb24iOiIxIn0="
        }
      ]
    },
    {
      "mode": "managed",
      "type": "azurerm_subnet",
      "name": "app-service",
      "provider": "provider[\"registry.terraform.io/hashicorp/azurerm\"]",
      "instances": [
        {
          "schema_version": 0,
          "attributes": {
            "address_prefixes": [
              "10.0.2.0/24"
            ],
            "default_outbound_access_enabled": true,
            "delegation": [
              {
                "name": "delegation",
                "service_delegation": [
                  {
                    "actions": [
                      "Microsoft.Network/virtualNetworks/subnets/action"
                    ],
                    "name": "Microsoft.Web/serverFarms"
                  }
                ]
              }
            ],
            "id": "/subscriptions/cb40f2db-d006-4703-bf9e-7fda6377912b/resourceGroups/rg-coachme/providers/Microsoft.Network/virtualNetworks/vn-coachme/subnets/app-service",
            "name": "app-service",
            "private_endpoint_network_policies": "Disabled",
            "private_link_service_network_policies_enabled": true,
            "resource_group_name": "rg-coachme",
            "service_endpoint_policy_ids": [],
            "service_endpoints": [
              "Microsoft.Sql"
            ],
            "timeouts": null,
            "virtual_network_name": "vn-coachme"
          },
          "sensitive_attributes": [],
          "private": "eyJlMmJmYjczMC1lY2FhLTExZTYtOGY4OC0zNDM2M2JjN2M0YzAiOnsiY3JlYXRlIjoxODAwMDAwMDAwMDAwLCJkZWxldGUiOjE4MDAwMDAwMDAwMDAsInJlYWQiOjMwMDAwMDAwMDAwMCwidXBkYXRlIjoxODAwMDAwMDAwMDAwfSwic2NoZW1hX3ZlcnNpb24iOiIwIn0="
        }
      ]
    },
    {
      "mode": "managed",
      "type": "azurerm_subnet",
      "name": "database",
      "provider": "provider[\"registry.terraform.io/hashicorp/azurerm\"]",
      "instances": [
        {
          "schema_version": 0,
          "attributes": {
            "address_prefixes": [
              "10.0.3.0/24"
            ],
            "default_outbound_access_enabled": true,
            "delegation": [],
            "id": "/subscriptions/cb40f2db-d006-4703-bf9e-7fda6377912b/resourceGroups/rg-coachme/providers/Microsoft.Network/virtualNetworks/vn-coachme/subnets/database",
            "name": "database",
            "private_endpoint_network_policies": "Disabled",
            "private_link_service_network_policies_enabled": true,
            "resource_group_name": "rg-coachme",
            "service_endpoint_policy_ids": [],
            "service_endpoints": [
              "Microsoft.Sql"
            ],
            "timeouts": null,
            "virtual_network_name": "vn-coachme"
          },
          "sensitive_attributes": [],
          "private": "eyJlMmJmYjczMC1lY2FhLTExZTYtOGY4OC0zNDM2M2JjN2M0YzAiOnsiY3JlYXRlIjoxODAwMDAwMDAwMDAwLCJkZWxldGUiOjE4MDAwMDAwMDAwMDAsInJlYWQiOjMwMDAwMDAwMDAwMCwidXBkYXRlIjoxODAwMDAwMDAwMDAwfSwic2NoZW1hX3ZlcnNpb24iOiIwIn0="
        }
      ]
    },
    {
      "mode": "managed",
      "type": "azurerm_virtual_network",
      "name": "vn-coachme",
      "provider": "provider[\"registry.terraform.io/hashicorp/azurerm\"]",
      "instances": [
        {
          "schema_version": 0,
          "attributes": {
            "address_space": [
              "10.0.0.0/16"
            ],
            "bgp_community": "",
            "ddos_protection_plan": [],
            "dns_servers": [],
            "edge_zone": "",
            "encryption": [],
            "flow_timeout_in_minutes": 0,
            "guid": "0777129a-5680-4152-9de8-9564fe78c1f3",
            "id": "/subscriptions/cb40f2db-d006-4703-bf9e-7fda6377912b/resourceGroups/rg-coachme/providers/Microsoft.Network/virtualNetworks/vn-coachme",
            "location": "canadacentral",
            "name": "vn-coachme",
            "resource_group_name": "rg-coachme",
            "subnet": [
              {
                "address_prefixes": [
                  "10.0.0.0/24"
                ],
                "default_outbound_access_enabled": false,
                "delegation": [],
                "id": "/subscriptions/cb40f2db-d006-4703-bf9e-7fda6377912b/resourceGroups/rg-coachme/providers/Microsoft.Network/virtualNetworks/vn-coachme/subnets/default",
                "name": "default",
                "private_endpoint_network_policies": "Disabled",
                "private_link_service_network_policies_enabled": true,
                "route_table_id": "",
                "security_group": "",
                "service_endpoint_policy_ids": [],
                "service_endpoints": []
              },
              {
                "address_prefixes": [
                  "10.0.1.0/26"
                ],
                "default_outbound_access_enabled": false,
                "delegation": [],
                "id": "/subscriptions/cb40f2db-d006-4703-bf9e-7fda6377912b/resourceGroups/rg-coachme/providers/Microsoft.Network/virtualNetworks/vn-coachme/subnets/AzureFirewallSubnet",
                "name": "AzureFirewallSubnet",
                "private_endpoint_network_policies": "Disabled",
                "private_link_service_network_policies_enabled": true,
                "route_table_id": "",
                "security_group": "",
                "service_endpoint_policy_ids": [],
                "service_endpoints": []
              },
              {
                "address_prefixes": [
                  "10.0.2.0/24"
                ],
                "default_outbound_access_enabled": false,
                "delegation": [
                  {
                    "name": "delegation",
                    "service_delegation": [
                      {
                        "actions": [
                          "Microsoft.Network/virtualNetworks/subnets/action"
                        ],
                        "name": "Microsoft.Web/serverFarms"
                      }
                    ]
                  }
                ],
                "id": "/subscriptions/cb40f2db-d006-4703-bf9e-7fda6377912b/resourceGroups/rg-coachme/providers/Microsoft.Network/virtualNetworks/vn-coachme/subnets/app-service",
                "name": "app-service",
                "private_endpoint_network_policies": "Disabled",
                "private_link_service_network_policies_enabled": true,
                "route_table_id": "",
                "security_group": "",
                "service_endpoint_policy_ids": [],
                "service_endpoints": [
                  "Microsoft.Sql"
                ]
              },
              {
                "address_prefixes": [
                  "10.0.3.0/24"
                ],
                "default_outbound_access_enabled": false,
                "delegation": [],
                "id": "/subscriptions/cb40f2db-d006-4703-bf9e-7fda6377912b/resourceGroups/rg-coachme/providers/Microsoft.Network/virtualNetworks/vn-coachme/subnets/database",
                "name": "database",
                "private_endpoint_network_policies": "Disabled",
                "private_link_service_network_policies_enabled": true,
                "route_table_id": "",
                "security_group": "",
                "service_endpoint_policy_ids": [],
                "service_endpoints": [
                  "Microsoft.Sql"
                ]
              }
            ],
            "tags": {},
            "timeouts": null
          },
          "sensitive_attributes": [],
          "private": "eyJlMmJmYjczMC1lY2FhLTExZTYtOGY4OC0zNDM2M2JjN2M0YzAiOnsiY3JlYXRlIjoxODAwMDAwMDAwMDAwLCJkZWxldGUiOjE4MDAwMDAwMDAwMDAsInJlYWQiOjMwMDAwMDAwMDAwMCwidXBkYXRlIjoxODAwMDAwMDAwMDAwfSwic2NoZW1hX3ZlcnNpb24iOiIwIn0="
        }
      ]
    }
  ],
  "check_results": null
}
